
Microsoft Visual Studio Solution File, Format Version 12.00
# Visual Studio 2013
Project("{FAE04EC0-301F-11D3-BF4B-00C04F79EFBC}") = "PushBox3D.CSharp", "PushBox3D.CSharp.csproj", "{46C5B1AC-7BB6-9AFD-85CD-D59677AFEF6A}"
EndProject
Project("{FAE04EC0-301F-11D3-BF4B-00C04F79EFBC}") = "PushBox3D.CSharp.Editor", "PushBox3D.CSharp.Editor.csproj", "{36C1E13A-F69E-B4DC-DDFC-ADA707EC905D}"
EndProject
Global
	GlobalSection(SolutionConfigurationPlatforms) = preSolution
		Debug|Any CPU = Debug|Any CPU
		Release|Any CPU = Release|Any CPU
	EndGlobalSection
	GlobalSection(ProjectConfigurationPlatforms) = postSolution
		{46C5B1AC-7BB6-9AFD-85CD-D59677AFEF6A}.Debug|Any CPU.ActiveCfg = Debug|Any CPU
		{46C5B1AC-7BB6-9AFD-85CD-D59677AFEF6A}.Debug|Any CPU.Build.0 = Debug|Any CPU
		{46C5B1AC-7BB6-9AFD-85CD-D59677AFEF6A}.Release|Any CPU.ActiveCfg = Release|Any CPU
		{46C5B1AC-7BB6-9AFD-85CD-D59677AFEF6A}.Release|Any CPU.Build.0 = Release|Any CPU
		{36C1E13A-F69E-B4DC-DDFC-ADA707EC905D}.Debug|Any CPU.ActiveCfg = Debug|Any CPU
		{36C1E13A-F69E-B4DC-DDFC-ADA707EC905D}.Debug|Any CPU.Build.0 = Debug|Any CPU
		{36C1E13A-F69E-B4DC-DDFC-ADA707EC905D}.Release|Any CPU.ActiveCfg = Release|Any CPU
		{36C1E13A-F69E-B4DC-DDFC-ADA707EC905D}.Release|Any CPU.Build.0 = Release|Any CPU
	EndGlobalSection
	GlobalSection(SolutionProperties) = preSolution
		HideSolutionNode = FALSE
	EndGlobalSection
EndGlobal
